
Microsoft Visual Studio Solution File, Format Version 12.00
# Visual Studio Version 17
VisualStudioVersion = 17.1.32328.378
MinimumVisualStudioVersion = 10.0.40219.1
Project("{FAE04EC0-301F-11D3-BF4B-00C04F79EFBC}") = "WepApiServer", "WepApiServer.csproj", "{11183153-8208-4BCC-9958-3D263830719E}"
EndProject
Global
	GlobalSection(SolutionConfigurationPlatforms) = preSolution
		Debug|Any CPU = Debug|Any CPU
		Release|Any CPU = Release|Any CPU
	EndGlobalSection
	GlobalSection(ProjectConfigurationPlatforms) = postSolution
		{11183153-8208-4BCC-9958-3D263830719E}.Debug|Any CPU.ActiveCfg = Debug|Any CPU
		{11183153-8208-4BCC-9958-3D263830719E}.Debug|Any CPU.Build.0 = Debug|Any CPU
		{11183153-8208-4BCC-9958-3D263830719E}.Release|Any CPU.ActiveCfg = Release|Any CPU
		{11183153-8208-4BCC-9958-3D263830719E}.Release|Any CPU.Build.0 = Release|Any CPU
	EndGlobalSection
	GlobalSection(SolutionProperties) = preSolution
		HideSolutionNode = FALSE
	EndGlobalSection
	GlobalSection(ExtensibilityGlobals) = postSolution
		SolutionGuid = {38536A8A-4E3E-44FE-8646-7CC78BA8C55F}
	EndGlobalSection
EndGlobal
